
Microsoft Visual Studio Solution File, Format Version 12.00
# Visual Studio Version 16
VisualStudioVersion = 16.0.30204.135
MinimumVisualStudioVersion = 10.0.40219.1
Project("{FAE04EC0-301F-11D3-BF4B-00C04F79EFBC}") = "TestDeployment", "TestDeployment\TestDeployment.csproj", "{884E6965-5FFC-4A5D-B003-860A1296810E}"
EndProject
Global
	GlobalSection(SolutionConfigurationPlatforms) = preSolution
		Debug|Any CPU = Debug|Any CPU
		Release|Any CPU = Release|Any CPU
	EndGlobalSection
	GlobalSection(ProjectConfigurationPlatforms) = postSolution
		{884E6965-5FFC-4A5D-B003-860A1296810E}.Debug|Any CPU.ActiveCfg = Debug|Any CPU
		{884E6965-5FFC-4A5D-B003-860A1296810E}.Debug|Any CPU.Build.0 = Debug|Any CPU
		{884E6965-5FFC-4A5D-B003-860A1296810E}.Release|Any CPU.ActiveCfg = Release|Any CPU
		{884E6965-5FFC-4A5D-B003-860A1296810E}.Release|Any CPU.Build.0 = Release|Any CPU
	EndGlobalSection
	GlobalSection(SolutionProperties) = preSolution
		HideSolutionNode = FALSE
	EndGlobalSection
	GlobalSection(ExtensibilityGlobals) = postSolution
		SolutionGuid = {4C066085-8284-4319-9192-F1503A13698C}
	EndGlobalSection
EndGlobal
